// !$*UTF8*$!
{
	archiveVersion = 1;
	classes = {
	};
	objectVersion = 46;
	objects = {

/* Begin PBXBuildFile section */
		696EB4C41E2E743B00035451 /* Assets.xcassets in Resources */ = {isa = PBXBuildFile; fileRef = 696EB4C31E2E743B00035451 /* Assets.xcassets */; };
		69719D5E1E2D60B7003E8A4D /* AppDelegate.swift in Sources */ = {isa = PBXBuildFile; fileRef = 69719D5D1E2D60B7003E8A4D /* AppDelegate.swift */; };
		69719D601E2D60B7003E8A4D /* ViewController.swift in Sources */ = {isa = PBXBuildFile; fileRef = 69719D5F1E2D60B7003E8A4D /* ViewController.swift */; };
		69719D631E2D60B7003E8A4D /* Main.storyboard in Resources */ = {isa = PBXBuildFile; fileRef = 69719D611E2D60B7003E8A4D /* Main.storyboard */; };
		69719D661E2D60B7003E8A4D /* iBrowser.xcdatamodeld in Sources */ = {isa = PBXBuildFile; fileRef = 69719D641E2D60B7003E8A4D /* iBrowser.xcdatamodeld */; };
		69719D6B1E2D60B7003E8A4D /* LaunchScreen.storyboard in Resources */ = {isa = PBXBuildFile; fileRef = 69719D691E2D60B7003E8A4D /* LaunchScreen.storyboard */; };
		69719D761E2D60B7003E8A4D /* iBrowserTests.swift in Sources */ = {isa = PBXBuildFile; fileRef = 69719D751E2D60B7003E8A4D /* iBrowserTests.swift */; };
		69719D811E2D60B8003E8A4D /* iBrowserUITests.swift in Sources */ = {isa = PBXBuildFile; fileRef = 69719D801E2D60B8003E8A4D /* iBrowserUITests.swift */; };
		69719DA81E2D66CE003E8A4D /* Inconsolata-Bold.ttf in Resources */ = {isa = PBXBuildFile; fileRef = 69719D901E2D66CE003E8A4D /* Inconsolata-Bold.ttf */; };
		69719DA91E2D66CE003E8A4D /* Inconsolata-Bold.ttf in Resources */ = {isa = PBXBuildFile; fileRef = 69719D901E2D66CE003E8A4D /* Inconsolata-Bold.ttf */; };
		69719DAA1E2D66CE003E8A4D /* Inconsolata-Bold.ttf in Resources */ = {isa = PBXBuildFile; fileRef = 69719D901E2D66CE003E8A4D /* Inconsolata-Bold.ttf */; };
		69719DAB1E2D66CE003E8A4D /* Inconsolata-Regular.ttf in Resources */ = {isa = PBXBuildFile; fileRef = 69719D911E2D66CE003E8A4D /* Inconsolata-Regular.ttf */; };
		69719DAC1E2D66CE003E8A4D /* Inconsolata-Regular.ttf in Resources */ = {isa = PBXBuildFile; fileRef = 69719D911E2D66CE003E8A4D /* Inconsolata-Regular.ttf */; };
		69719DAD1E2D66CE003E8A4D /* Inconsolata-Regular.ttf in Resources */ = {isa = PBXBuildFile; fileRef = 69719D911E2D66CE003E8A4D /* Inconsolata-Regular.ttf */; };
		69719DAE1E2D66CE003E8A4D /* OFL.txt in Resources */ = {isa = PBXBuildFile; fileRef = 69719D921E2D66CE003E8A4D /* OFL.txt */; };
		69719DAF1E2D66CE003E8A4D /* OFL.txt in Resources */ = {isa = PBXBuildFile; fileRef = 69719D921E2D66CE003E8A4D /* OFL.txt */; };
		69719DB01E2D66CE003E8A4D /* OFL.txt in Resources */ = {isa = PBXBuildFile; fileRef = 69719D921E2D66CE003E8A4D /* OFL.txt */; };
		69719DB11E2D66CE003E8A4D /* LICENSE.txt in Resources */ = {isa = PBXBuildFile; fileRef = 69719D941E2D66CE003E8A4D /* LICENSE.txt */; };
		69719DB21E2D66CE003E8A4D /* LICENSE.txt in Resources */ = {isa = PBXBuildFile; fileRef = 69719D941E2D66CE003E8A4D /* LICENSE.txt */; };
		69719DB31E2D66CE003E8A4D /* LICENSE.txt in Resources */ = {isa = PBXBuildFile; fileRef = 69719D941E2D66CE003E8A4D /* LICENSE.txt */; };
		69719DB41E2D66CE003E8A4D /* NotoSans-Bold.ttf in Resources */ = {isa = PBXBuildFile; fileRef = 69719D951E2D66CE003E8A4D /* NotoSans-Bold.ttf */; };
		69719DB51E2D66CE003E8A4D /* NotoSans-Bold.ttf in Resources */ = {isa = PBXBuildFile; fileRef = 69719D951E2D66CE003E8A4D /* NotoSans-Bold.ttf */; };
		69719DB61E2D66CE003E8A4D /* NotoSans-Bold.ttf in Resources */ = {isa = PBXBuildFile; fileRef = 69719D951E2D66CE003E8A4D /* NotoSans-Bold.ttf */; };
		69719DB71E2D66CE003E8A4D /* NotoSans-BoldItalic.ttf in Resources */ = {isa = PBXBuildFile; fileRef = 69719D961E2D66CE003E8A4D /* NotoSans-BoldItalic.ttf */; };
		69719DB81E2D66CE003E8A4D /* NotoSans-BoldItalic.ttf in Resources */ = {isa = PBXBuildFile; fileRef = 69719D961E2D66CE003E8A4D /* NotoSans-BoldItalic.ttf */; };
		69719DB91E2D66CE003E8A4D /* NotoSans-BoldItalic.ttf in Resources */ = {isa = PBXBuildFile; fileRef = 69719D961E2D66CE003E8A4D /* NotoSans-BoldItalic.ttf */; };
		69719DBA1E2D66CE003E8A4D /* NotoSans-Italic.ttf in Resources */ = {isa = PBXBuildFile; fileRef = 69719D971E2D66CE003E8A4D /* NotoSans-Italic.ttf */; };
		69719DBB1E2D66CE003E8A4D /* NotoSans-Italic.ttf in Resources */ = {isa = PBXBuildFile; fileRef = 69719D971E2D66CE003E8A4D /* NotoSans-Italic.ttf */; };
		69719DBC1E2D66CE003E8A4D /* NotoSans-Italic.ttf in Resources */ = {isa = PBXBuildFile; fileRef = 69719D971E2D66CE003E8A4D /* NotoSans-Italic.ttf */; };
		69719DBD1E2D66CE003E8A4D /* NotoSans-Regular.ttf in Resources */ = {isa = PBXBuildFile; fileRef = 69719D981E2D66CE003E8A4D /* NotoSans-Regular.ttf */; };
		69719DBE1E2D66CE003E8A4D /* NotoSans-Regular.ttf in Resources */ = {isa = PBXBuildFile; fileRef = 69719D981E2D66CE003E8A4D /* NotoSans-Regular.ttf */; };
		69719DBF1E2D66CE003E8A4D /* NotoSans-Regular.ttf in Resources */ = {isa = PBXBuildFile; fileRef = 69719D981E2D66CE003E8A4D /* NotoSans-Regular.ttf */; };
		69719DC01E2D66CE003E8A4D /* LICENSE.txt in Resources */ = {isa = PBXBuildFile; fileRef = 69719D9A1E2D66CE003E8A4D /* LICENSE.txt */; };
		69719DC11E2D66CE003E8A4D /* LICENSE.txt in Resources */ = {isa = PBXBuildFile; fileRef = 69719D9A1E2D66CE003E8A4D /* LICENSE.txt */; };
		69719DC21E2D66CE003E8A4D /* LICENSE.txt in Resources */ = {isa = PBXBuildFile; fileRef = 69719D9A1E2D66CE003E8A4D /* LICENSE.txt */; };
		69719DC31E2D66CE003E8A4D /* OpenSans-Bold.ttf in Resources */ = {isa = PBXBuildFile; fileRef = 69719D9B1E2D66CE003E8A4D /* OpenSans-Bold.ttf */; };
		69719DC41E2D66CE003E8A4D /* OpenSans-Bold.ttf in Resources */ = {isa = PBXBuildFile; fileRef = 69719D9B1E2D66CE003E8A4D /* OpenSans-Bold.ttf */; };
		69719DC51E2D66CE003E8A4D /* OpenSans-Bold.ttf in Resources */ = {isa = PBXBuildFile; fileRef = 69719D9B1E2D66CE003E8A4D /* OpenSans-Bold.ttf */; };
		69719DC61E2D66CE003E8A4D /* OpenSans-BoldItalic.ttf in Resources */ = {isa = PBXBuildFile; fileRef = 69719D9C1E2D66CE003E8A4D /* OpenSans-BoldItalic.ttf */; };
		69719DC71E2D66CE003E8A4D /* OpenSans-BoldItalic.ttf in Resources */ = {isa = PBXBuildFile; fileRef = 69719D9C1E2D66CE003E8A4D /* OpenSans-BoldItalic.ttf */; };
		69719DC81E2D66CE003E8A4D /* OpenSans-BoldItalic.ttf in Resources */ = {isa = PBXBuildFile; fileRef = 69719D9C1E2D66CE003E8A4D /* OpenSans-BoldItalic.ttf */; };
		69719DC91E2D66CE003E8A4D /* OpenSans-ExtraBold.ttf in Resources */ = {isa = PBXBuildFile; fileRef = 69719D9D1E2D66CE003E8A4D /* OpenSans-ExtraBold.ttf */; };
		69719DCA1E2D66CE003E8A4D /* OpenSans-ExtraBold.ttf in Resources */ = {isa = PBXBuildFile; fileRef = 69719D9D1E2D66CE003E8A4D /* OpenSans-ExtraBold.ttf */; };
		69719DCB1E2D66CE003E8A4D /* OpenSans-ExtraBold.ttf in Resources */ = {isa = PBXBuildFile; fileRef = 69719D9D1E2D66CE003E8A4D /* OpenSans-ExtraBold.ttf */; };
		69719DCC1E2D66CE003E8A4D /* OpenSans-ExtraBoldItalic.ttf in Resources */ = {isa = PBXBuildFile; fileRef = 69719D9E1E2D66CE003E8A4D /* OpenSans-ExtraBoldItalic.ttf */; };
		69719DCD1E2D66CE003E8A4D /* OpenSans-ExtraBoldItalic.ttf in Resources */ = {isa = PBXBuildFile; fileRef = 69719D9E1E2D66CE003E8A4D /* OpenSans-ExtraBoldItalic.ttf */; };
		69719DCE1E2D66CE003E8A4D /* OpenSans-ExtraBoldItalic.ttf in Resources */ = {isa = PBXBuildFile; fileRef = 69719D9E1E2D66CE003E8A4D /* OpenSans-ExtraBoldItalic.ttf */; };
		69719DCF1E2D66CE003E8A4D /* OpenSans-Italic.ttf in Resources */ = {isa = PBXBuildFile; fileRef = 69719D9F1E2D66CE003E8A4D /* OpenSans-Italic.ttf */; };
		69719DD01E2D66CE003E8A4D /* OpenSans-Italic.ttf in Resources */ = {isa = PBXBuildFile; fileRef = 69719D9F1E2D66CE003E8A4D /* OpenSans-Italic.ttf */; };
		69719DD11E2D66CE003E8A4D /* OpenSans-Italic.ttf in Resources */ = {isa = PBXBuildFile; fileRef = 69719D9F1E2D66CE003E8A4D /* OpenSans-Italic.ttf */; };
		69719DD21E2D66CE003E8A4D /* OpenSans-Light.ttf in Resources */ = {isa = PBXBuildFile; fileRef = 69719DA01E2D66CE003E8A4D /* OpenSans-Light.ttf */; };
		69719DD31E2D66CE003E8A4D /* OpenSans-Light.ttf in Resources */ = {isa = PBXBuildFile; fileRef = 69719DA01E2D66CE003E8A4D /* OpenSans-Light.ttf */; };
		69719DD41E2D66CE003E8A4D /* OpenSans-Light.ttf in Resources */ = {isa = PBXBuildFile; fileRef = 69719DA01E2D66CE003E8A4D /* OpenSans-Light.ttf */; };
		69719DD51E2D66CE003E8A4D /* OpenSans-LightItalic.ttf in Resources */ = {isa = PBXBuildFile; fileRef = 69719DA11E2D66CE003E8A4D /* OpenSans-LightItalic.ttf */; };
		69719DD61E2D66CE003E8A4D /* OpenSans-LightItalic.ttf in Resources */ = {isa = PBXBuildFile; fileRef = 69719DA11E2D66CE003E8A4D /* OpenSans-LightItalic.ttf */; };
		69719DD71E2D66CE003E8A4D /* OpenSans-LightItalic.ttf in Resources */ = {isa = PBXBuildFile; fileRef = 69719DA11E2D66CE003E8A4D /* OpenSans-LightItalic.ttf */; };
		69719DD81E2D66CE003E8A4D /* OpenSans-Regular.ttf in Resources */ = {isa = PBXBuildFile; fileRef = 69719DA21E2D66CE003E8A4D /* OpenSans-Regular.ttf */; };
		69719DD91E2D66CE003E8A4D /* OpenSans-Regular.ttf in Resources */ = {isa = PBXBuildFile; fileRef = 69719DA21E2D66CE003E8A4D /* OpenSans-Regular.ttf */; };
		69719DDA1E2D66CE003E8A4D /* OpenSans-Regular.ttf in Resources */ = {isa = PBXBuildFile; fileRef = 69719DA21E2D66CE003E8A4D /* OpenSans-Regular.ttf */; };
		69719DDB1E2D66CE003E8A4D /* OpenSans-Semibold.ttf in Resources */ = {isa = PBXBuildFile; fileRef = 69719DA31E2D66CE003E8A4D /* OpenSans-Semibold.ttf */; };
		69719DDC1E2D66CE003E8A4D /* OpenSans-Semibold.ttf in Resources */ = {isa = PBXBuildFile; fileRef = 69719DA31E2D66CE003E8A4D /* OpenSans-Semibold.ttf */; };
		69719DDD1E2D66CE003E8A4D /* OpenSans-Semibold.ttf in Resources */ = {isa = PBXBuildFile; fileRef = 69719DA31E2D66CE003E8A4D /* OpenSans-Semibold.ttf */; };
		69719DDE1E2D66CE003E8A4D /* OpenSans-SemiboldItalic.ttf in Resources */ = {isa = PBXBuildFile; fileRef = 69719DA41E2D66CE003E8A4D /* OpenSans-SemiboldItalic.ttf */; };
		69719DDF1E2D66CE003E8A4D /* OpenSans-SemiboldItalic.ttf in Resources */ = {isa = PBXBuildFile; fileRef = 69719DA41E2D66CE003E8A4D /* OpenSans-SemiboldItalic.ttf */; };
		69719DE01E2D66CE003E8A4D /* OpenSans-SemiboldItalic.ttf in Resources */ = {isa = PBXBuildFile; fileRef = 69719DA41E2D66CE003E8A4D /* OpenSans-SemiboldItalic.ttf */; };
		69719DE11E2D66CE003E8A4D /* LICENSE.txt in Resources */ = {isa = PBXBuildFile; fileRef = 69719DA61E2D66CE003E8A4D /* LICENSE.txt */; };
		69719DE21E2D66CE003E8A4D /* LICENSE.txt in Resources */ = {isa = PBXBuildFile; fileRef = 69719DA61E2D66CE003E8A4D /* LICENSE.txt */; };
		69719DE31E2D66CE003E8A4D /* LICENSE.txt in Resources */ = {isa = PBXBuildFile; fileRef = 69719DA61E2D66CE003E8A4D /* LICENSE.txt */; };
		69719DE41E2D66CE003E8A4D /* Yellowtail-Regular.ttf in Resources */ = {isa = PBXBuildFile; fileRef = 69719DA71E2D66CE003E8A4D /* Yellowtail-Regular.ttf */; };
		69719DE51E2D66CE003E8A4D /* Yellowtail-Regular.ttf in Resources */ = {isa = PBXBuildFile; fileRef = 69719DA71E2D66CE003E8A4D /* Yellowtail-Regular.ttf */; };
		69719DE61E2D66CE003E8A4D /* Yellowtail-Regular.ttf in Resources */ = {isa = PBXBuildFile; fileRef = 69719DA71E2D66CE003E8A4D /* Yellowtail-Regular.ttf */; };
		69719DE81E2D6AE2003E8A4D /* StartViewController.swift in Sources */ = {isa = PBXBuildFile; fileRef = 69719DE71E2D6AE2003E8A4D /* StartViewController.swift */; };
		69719DE91E2D6AE2003E8A4D /* StartViewController.swift in Sources */ = {isa = PBXBuildFile; fileRef = 69719DE71E2D6AE2003E8A4D /* StartViewController.swift */; };
		69719DEA1E2D6AE2003E8A4D /* StartViewController.swift in Sources */ = {isa = PBXBuildFile; fileRef = 69719DE71E2D6AE2003E8A4D /* StartViewController.swift */; };
/* End PBXBuildFile section */

/* Begin PBXContainerItemProxy section */
		69719D721E2D60B7003E8A4D /* PBXContainerItemProxy */ = {
			isa = PBXContainerItemProxy;
			containerPortal = 69719D521E2D60B7003E8A4D /* Project object */;
			proxyType = 1;
			remoteGlobalIDString = 69719D591E2D60B7003E8A4D;
			remoteInfo = iBrowser;
		};
		69719D7D1E2D60B7003E8A4D /* PBXContainerItemProxy */ = {
			isa = PBXContainerItemProxy;
			containerPortal = 69719D521E2D60B7003E8A4D /* Project object */;
			proxyType = 1;
			remoteGlobalIDString = 69719D591E2D60B7003E8A4D;
			remoteInfo = iBrowser;
		};
/* End PBXContainerItemProxy section */

/* Begin PBXFileReference section */
		696EB4C31E2E743B00035451 /* Assets.xcassets */ = {isa = PBXFileReference; lastKnownFileType = folder.assetcatalog; path = Assets.xcassets; sourceTree = "<group>"; };
		69719D5A1E2D60B7003E8A4D /* iBrowser.app */ = {isa = PBXFileReference; explicitFileType = wrapper.application; includeInIndex = 0; path = iBrowser.app; sourceTree = BUILT_PRODUCTS_DIR; };
		69719D5D1E2D60B7003E8A4D /* AppDelegate.swift */ = {isa = PBXFileReference; lastKnownFileType = sourcecode.swift; path = AppDelegate.swift; sourceTree = "<group>"; };
		69719D5F1E2D60B7003E8A4D /* ViewController.swift */ = {isa = PBXFileReference; lastKnownFileType = sourcecode.swift; path = ViewController.swift; sourceTree = "<group>"; };
		69719D621E2D60B7003E8A4D /* Base */ = {isa = PBXFileReference; lastKnownFileType = file.storyboard; name = Base; path = Base.lproj/Main.storyboard; sourceTree = "<group>"; };
		69719D651E2D60B7003E8A4D /* iBrowser.xcdatamodel */ = {isa = PBXFileReference; lastKnownFileType = wrapper.xcdatamodel; path = iBrowser.xcdatamodel; sourceTree = "<group>"; };
		69719D6A1E2D60B7003E8A4D /* Base */ = {isa = PBXFileReference; lastKnownFileType = file.storyboard; name = Base; path = Base.lproj/LaunchScreen.storyboard; sourceTree = "<group>"; };
		69719D6C1E2D60B7003E8A4D /* Info.plist */ = {isa = PBXFileReference; lastKnownFileType = text.plist.xml; path = Info.plist; sourceTree = "<group>"; };
		69719D711E2D60B7003E8A4D /* iBrowserTests.xctest */ = {isa = PBXFileReference; explicitFileType = wrapper.cfbundle; includeInIndex = 0; path = iBrowserTests.xctest; sourceTree = BUILT_PRODUCTS_DIR; };
		69719D751E2D60B7003E8A4D /* iBrowserTests.swift */ = {isa = PBXFileReference; lastKnownFileType = sourcecode.swift; path = iBrowserTests.swift; sourceTree = "<group>"; };
		69719D771E2D60B7003E8A4D /* Info.plist */ = {isa = PBXFileReference; lastKnownFileType = text.plist.xml; path = Info.plist; sourceTree = "<group>"; };
		69719D7C1E2D60B7003E8A4D /* iBrowserUITests.xctest */ = {isa = PBXFileReference; explicitFileType = wrapper.cfbundle; includeInIndex = 0; path = iBrowserUITests.xctest; sourceTree = BUILT_PRODUCTS_DIR; };
		69719D801E2D60B8003E8A4D /* iBrowserUITests.swift */ = {isa = PBXFileReference; lastKnownFileType = sourcecode.swift; path = iBrowserUITests.swift; sourceTree = "<group>"; };
		69719D821E2D60B8003E8A4D /* Info.plist */ = {isa = PBXFileReference; lastKnownFileType = text.plist.xml; path = Info.plist; sourceTree = "<group>"; };
		69719D901E2D66CE003E8A4D /* Inconsolata-Bold.ttf */ = {isa = PBXFileReference; lastKnownFileType = file; path = "Inconsolata-Bold.ttf"; sourceTree = "<group>"; };
		69719D911E2D66CE003E8A4D /* Inconsolata-Regular.ttf */ = {isa = PBXFileReference; lastKnownFileType = file; path = "Inconsolata-Regular.ttf"; sourceTree = "<group>"; };
		69719D921E2D66CE003E8A4D /* OFL.txt */ = {isa = PBXFileReference; fileEncoding = 4; lastKnownFileType = text; path = OFL.txt; sourceTree = "<group>"; };
		69719D941E2D66CE003E8A4D /* LICENSE.txt */ = {isa = PBXFileReference; fileEncoding = 4; lastKnownFileType = text; path = LICENSE.txt; sourceTree = "<group>"; };
		69719D951E2D66CE003E8A4D /* NotoSans-Bold.ttf */ = {isa = PBXFileReference; lastKnownFileType = file; path = "NotoSans-Bold.ttf"; sourceTree = "<group>"; };
		69719D961E2D66CE003E8A4D /* NotoSans-BoldItalic.ttf */ = {isa = PBXFileReference; lastKnownFileType = file; path = "NotoSans-BoldItalic.ttf"; sourceTree = "<group>"; };
		69719D971E2D66CE003E8A4D /* NotoSans-Italic.ttf */ = {isa = PBXFileReference; lastKnownFileType = file; path = "NotoSans-Italic.ttf"; sourceTree = "<group>"; };
		69719D981E2D66CE003E8A4D /* NotoSans-Regular.ttf */ = {isa = PBXFileReference; lastKnownFileType = file; path = "NotoSans-Regular.ttf"; sourceTree = "<group>"; };
		69719D9A1E2D66CE003E8A4D /* LICENSE.txt */ = {isa = PBXFileReference; fileEncoding = 4; lastKnownFileType = text; path = LICENSE.txt; sourceTree = "<group>"; };
		69719D9B1E2D66CE003E8A4D /* OpenSans-Bold.ttf */ = {isa = PBXFileReference; lastKnownFileType = file; path = "OpenSans-Bold.ttf"; sourceTree = "<group>"; };
		69719D9C1E2D66CE003E8A4D /* OpenSans-BoldItalic.ttf */ = {isa = PBXFileReference; lastKnownFileType = file; path = "OpenSans-BoldItalic.ttf"; sourceTree = "<group>"; };
		69719D9D1E2D66CE003E8A4D /* OpenSans-ExtraBold.ttf */ = {isa = PBXFileReference; lastKnownFileType = file; path = "OpenSans-ExtraBold.ttf"; sourceTree = "<group>"; };
		69719D9E1E2D66CE003E8A4D /* OpenSans-ExtraBoldItalic.ttf */ = {isa = PBXFileReference; lastKnownFileType = file; path = "OpenSans-ExtraBoldItalic.ttf"; sourceTree = "<group>"; };
		69719D9F1E2D66CE003E8A4D /* OpenSans-Italic.ttf */ = {isa = PBXFileReference; lastKnownFileType = file; path = "OpenSans-Italic.ttf"; sourceTree = "<group>"; };
		69719DA01E2D66CE003E8A4D /* OpenSans-Light.ttf */ = {isa = PBXFileReference; lastKnownFileType = file; path = "OpenSans-Light.ttf"; sourceTree = "<group>"; };
		69719DA11E2D66CE003E8A4D /* OpenSans-LightItalic.ttf */ = {isa = PBXFileReference; lastKnownFileType = file; path = "OpenSans-LightItalic.ttf"; sourceTree = "<group>"; };
		69719DA21E2D66CE003E8A4D /* OpenSans-Regular.ttf */ = {isa = PBXFileReference; lastKnownFileType = file; path = "OpenSans-Regular.ttf"; sourceTree = "<group>"; };
		69719DA31E2D66CE003E8A4D /* OpenSans-Semibold.ttf */ = {isa = PBXFileReference; lastKnownFileType = file; path = "OpenSans-Semibold.ttf"; sourceTree = "<group>"; };
		69719DA41E2D66CE003E8A4D /* OpenSans-SemiboldItalic.ttf */ = {isa = PBXFileReference; lastKnownFileType = file; path = "OpenSans-SemiboldItalic.ttf"; sourceTree = "<group>"; };
		69719DA61E2D66CE003E8A4D /* LICENSE.txt */ = {isa = PBXFileReference; fileEncoding = 4; lastKnownFileType = text; path = LICENSE.txt; sourceTree = "<group>"; };
		69719DA71E2D66CE003E8A4D /* Yellowtail-Regular.ttf */ = {isa = PBXFileReference; lastKnownFileType = file; path = "Yellowtail-Regular.ttf"; sourceTree = "<group>"; };
		69719DE71E2D6AE2003E8A4D /* StartViewController.swift */ = {isa = PBXFileReference; fileEncoding = 4; lastKnownFileType = sourcecode.swift; path = StartViewController.swift; sourceTree = "<group>"; };
/* End PBXFileReference section */

/* Begin PBXFrameworksBuildPhase section */
		69719D571E2D60B7003E8A4D /* Frameworks */ = {
			isa = PBXFrameworksBuildPhase;
			buildActionMask = 2147483647;
			files = (
			);
			runOnlyForDeploymentPostprocessing = 0;
		};
		69719D6E1E2D60B7003E8A4D /* Frameworks */ = {
			isa = PBXFrameworksBuildPhase;
			buildActionMask = 2147483647;
			files = (
			);
			runOnlyForDeploymentPostprocessing = 0;
		};
		69719D791E2D60B7003E8A4D /* Frameworks */ = {
			isa = PBXFrameworksBuildPhase;
			buildActionMask = 2147483647;
			files = (
			);
			runOnlyForDeploymentPostprocessing = 0;
		};
/* End PBXFrameworksBuildPhase section */

/* Begin PBXGroup section */
		69719D511E2D60B7003E8A4D = {
			isa = PBXGroup;
			children = (
				69719D5C1E2D60B7003E8A4D /* iBrowser */,
				69719D741E2D60B7003E8A4D /* iBrowserTests */,
				69719D7F1E2D60B8003E8A4D /* iBrowserUITests */,
				69719D5B1E2D60B7003E8A4D /* Products */,
			);
			sourceTree = "<group>";
		};
		69719D5B1E2D60B7003E8A4D /* Products */ = {
			isa = PBXGroup;
			children = (
				69719D5A1E2D60B7003E8A4D /* iBrowser.app */,
				69719D711E2D60B7003E8A4D /* iBrowserTests.xctest */,
				69719D7C1E2D60B7003E8A4D /* iBrowserUITests.xctest */,
			);
			name = Products;
			sourceTree = "<group>";
		};
		69719D5C1E2D60B7003E8A4D /* iBrowser */ = {
			isa = PBXGroup;
			children = (
				69719D8E1E2D66B5003E8A4D /* Fonts */,
				69719D5D1E2D60B7003E8A4D /* AppDelegate.swift */,
				69719D5F1E2D60B7003E8A4D /* ViewController.swift */,
				69719DE71E2D6AE2003E8A4D /* StartViewController.swift */,
				69719D611E2D60B7003E8A4D /* Main.storyboard */,
				696EB4C31E2E743B00035451 /* Assets.xcassets */,
				69719D691E2D60B7003E8A4D /* LaunchScreen.storyboard */,
				69719D6C1E2D60B7003E8A4D /* Info.plist */,
				69719D641E2D60B7003E8A4D /* iBrowser.xcdatamodeld */,
			);
			path = iBrowser;
			sourceTree = "<group>";
		};
		69719D741E2D60B7003E8A4D /* iBrowserTests */ = {
			isa = PBXGroup;
			children = (
				69719D751E2D60B7003E8A4D /* iBrowserTests.swift */,
				69719D771E2D60B7003E8A4D /* Info.plist */,
			);
			path = iBrowserTests;
			sourceTree = "<group>";
		};
		69719D7F1E2D60B8003E8A4D /* iBrowserUITests */ = {
			isa = PBXGroup;
			children = (
				69719D801E2D60B8003E8A4D /* iBrowserUITests.swift */,
				69719D821E2D60B8003E8A4D /* Info.plist */,
			);
			path = iBrowserUITests;
			sourceTree = "<group>";
		};
		69719D8E1E2D66B5003E8A4D /* Fonts */ = {
			isa = PBXGroup;
			children = (
				69719D8F1E2D66CE003E8A4D /* Inconsolata */,
				69719D931E2D66CE003E8A4D /* Noto_Sans */,
				69719D991E2D66CE003E8A4D /* Open_Sans */,
				69719DA51E2D66CE003E8A4D /* Yellowtail */,
			);
			name = Fonts;
			sourceTree = "<group>";
		};
		69719D8F1E2D66CE003E8A4D /* Inconsolata */ = {
			isa = PBXGroup;
			children = (
				69719D901E2D66CE003E8A4D /* Inconsolata-Bold.ttf */,
				69719D911E2D66CE003E8A4D /* Inconsolata-Regular.ttf */,
				69719D921E2D66CE003E8A4D /* OFL.txt */,
			);
			path = Inconsolata;
			sourceTree = "<group>";
		};
		69719D931E2D66CE003E8A4D /* Noto_Sans */ = {
			isa = PBXGroup;
			children = (
				69719D941E2D66CE003E8A4D /* LICENSE.txt */,
				69719D951E2D66CE003E8A4D /* NotoSans-Bold.ttf */,
				69719D961E2D66CE003E8A4D /* NotoSans-BoldItalic.ttf */,
				69719D971E2D66CE003E8A4D /* NotoSans-Italic.ttf */,
				69719D981E2D66CE003E8A4D /* NotoSans-Regular.ttf */,
			);
			path = Noto_Sans;
			sourceTree = "<group>";
		};
		69719D991E2D66CE003E8A4D /* Open_Sans */ = {
			isa = PBXGroup;
			children = (
				69719D9A1E2D66CE003E8A4D /* LICENSE.txt */,
				69719D9B1E2D66CE003E8A4D /* OpenSans-Bold.ttf */,
				69719D9C1E2D66CE003E8A4D /* OpenSans-BoldItalic.ttf */,
				69719D9D1E2D66CE003E8A4D /* OpenSans-ExtraBold.ttf */,
				69719D9E1E2D66CE003E8A4D /* OpenSans-ExtraBoldItalic.ttf */,
				69719D9F1E2D66CE003E8A4D /* OpenSans-Italic.ttf */,
				69719DA01E2D66CE003E8A4D /* OpenSans-Light.ttf */,
				69719DA11E2D66CE003E8A4D /* OpenSans-LightItalic.ttf */,
				69719DA21E2D66CE003E8A4D /* OpenSans-Regular.ttf */,
				69719DA31E2D66CE003E8A4D /* OpenSans-Semibold.ttf */,
				69719DA41E2D66CE003E8A4D /* OpenSans-SemiboldItalic.ttf */,
			);
			path = Open_Sans;
			sourceTree = "<group>";
		};
		69719DA51E2D66CE003E8A4D /* Yellowtail */ = {
			isa = PBXGroup;
			children = (
				69719DA61E2D66CE003E8A4D /* LICENSE.txt */,
				69719DA71E2D66CE003E8A4D /* Yellowtail-Regular.ttf */,
			);
			path = Yellowtail;
			sourceTree = "<group>";
		};
/* End PBXGroup section */

/* Begin PBXNativeTarget section */
		69719D591E2D60B7003E8A4D /* iBrowser */ = {
			isa = PBXNativeTarget;
			buildConfigurationList = 69719D851E2D60B8003E8A4D /* Build configuration list for PBXNativeTarget "iBrowser" */;
			buildPhases = (
				69719D561E2D60B7003E8A4D /* Sources */,
				69719D571E2D60B7003E8A4D /* Frameworks */,
				69719D581E2D60B7003E8A4D /* Resources */,
			);
			buildRules = (
			);
			dependencies = (
			);
			name = iBrowser;
			productName = iBrowser;
			productReference = 69719D5A1E2D60B7003E8A4D /* iBrowser.app */;
			productType = "com.apple.product-type.application";
		};
		69719D701E2D60B7003E8A4D /* iBrowserTests */ = {
			isa = PBXNativeTarget;
			buildConfigurationList = 69719D881E2D60B8003E8A4D /* Build configuration list for PBXNativeTarget "iBrowserTests" */;
			buildPhases = (
				69719D6D1E2D60B7003E8A4D /* Sources */,
				69719D6E1E2D60B7003E8A4D /* Frameworks */,
				69719D6F1E2D60B7003E8A4D /* Resources */,
			);
			buildRules = (
			);
			dependencies = (
				69719D731E2D60B7003E8A4D /* PBXTargetDependency */,
			);
			name = iBrowserTests;
			productName = iBrowserTests;
			productReference = 69719D711E2D60B7003E8A4D /* iBrowserTests.xctest */;
			productType = "com.apple.product-type.bundle.unit-test";
		};
		69719D7B1E2D60B7003E8A4D /* iBrowserUITests */ = {
			isa = PBXNativeTarget;
			buildConfigurationList = 69719D8B1E2D60B8003E8A4D /* Build configuration list for PBXNativeTarget "iBrowserUITests" */;
			buildPhases = (
				69719D781E2D60B7003E8A4D /* Sources */,
				69719D791E2D60B7003E8A4D /* Frameworks */,
				69719D7A1E2D60B7003E8A4D /* Resources */,
			);
			buildRules = (
			);
			dependencies = (
				69719D7E1E2D60B7003E8A4D /* PBXTargetDependency */,
			);
			name = iBrowserUITests;
			productName = iBrowserUITests;
			productReference = 69719D7C1E2D60B7003E8A4D /* iBrowserUITests.xctest */;
			productType = "com.apple.product-type.bundle.ui-testing";
		};
/* End PBXNativeTarget section */

/* Begin PBXProject section */
		69719D521E2D60B7003E8A4D /* Project object */ = {
			isa = PBXProject;
			attributes = {
				LastSwiftUpdateCheck = 0820;
				LastUpgradeCheck = 0820;
				ORGANIZATIONNAME = "Mohit Kumar";
				TargetAttributes = {
					69719D591E2D60B7003E8A4D = {
						CreatedOnToolsVersion = 8.2;
						ProvisioningStyle = Automatic;
					};
					69719D701E2D60B7003E8A4D = {
						CreatedOnToolsVersion = 8.2;
						ProvisioningStyle = Automatic;
						TestTargetID = 69719D591E2D60B7003E8A4D;
					};
					69719D7B1E2D60B7003E8A4D = {
						CreatedOnToolsVersion = 8.2;
						ProvisioningStyle = Automatic;
						TestTargetID = 69719D591E2D60B7003E8A4D;
					};
				};
			};
			buildConfigurationList = 69719D551E2D60B7003E8A4D /* Build configuration list for PBXProject "iBrowser" */;
			compatibilityVersion = "Xcode 3.2";
			developmentRegion = English;
			hasScannedForEncodings = 0;
			knownRegions = (
				en,
				Base,
			);
			mainGroup = 69719D511E2D60B7003E8A4D;
			productRefGroup = 69719D5B1E2D60B7003E8A4D /* Products */;
			projectDirPath = "";
			projectRoot = "";
			targets = (
				69719D591E2D60B7003E8A4D /* iBrowser */,
				69719D701E2D60B7003E8A4D /* iBrowserTests */,
				69719D7B1E2D60B7003E8A4D /* iBrowserUITests */,
			);
		};
/* End PBXProject section */

/* Begin PBXResourcesBuildPhase section */
		69719D581E2D60B7003E8A4D /* Resources */ = {
			isa = PBXResourcesBuildPhase;
			buildActionMask = 2147483647;
			files = (
				69719DC01E2D66CE003E8A4D /* LICENSE.txt in Resources */,
				69719DB41E2D66CE003E8A4D /* NotoSans-Bold.ttf in Resources */,
				69719DAE1E2D66CE003E8A4D /* OFL.txt in Resources */,
				69719DAB1E2D66CE003E8A4D /* Inconsolata-Regular.ttf in Resources */,
				69719DBD1E2D66CE003E8A4D /* NotoSans-Regular.ttf in Resources */,
				69719DB71E2D66CE003E8A4D /* NotoSans-BoldItalic.ttf in Resources */,
				69719DD21E2D66CE003E8A4D /* OpenSans-Light.ttf in Resources */,
				69719DE41E2D66CE003E8A4D /* Yellowtail-Regular.ttf in Resources */,
				69719D6B1E2D60B7003E8A4D /* LaunchScreen.storyboard in Resources */,
				69719DCC1E2D66CE003E8A4D /* OpenSans-ExtraBoldItalic.ttf in Resources */,
				69719DBA1E2D66CE003E8A4D /* NotoSans-Italic.ttf in Resources */,
				69719DDE1E2D66CE003E8A4D /* OpenSans-SemiboldItalic.ttf in Resources */,
				69719DD81E2D66CE003E8A4D /* OpenSans-Regular.ttf in Resources */,
				69719DA81E2D66CE003E8A4D /* Inconsolata-Bold.ttf in Resources */,
				69719DDB1E2D66CE003E8A4D /* OpenSans-Semibold.ttf in Resources */,
				69719DC61E2D66CE003E8A4D /* OpenSans-BoldItalic.ttf in Resources */,
				69719DE11E2D66CE003E8A4D /* LICENSE.txt in Resources */,
				69719DC31E2D66CE003E8A4D /* OpenSans-Bold.ttf in Resources */,
				69719DCF1E2D66CE003E8A4D /* OpenSans-Italic.ttf in Resources */,
				69719DD51E2D66CE003E8A4D /* OpenSans-LightItalic.ttf in Resources */,
				69719D631E2D60B7003E8A4D /* Main.storyboard in Resources */,
				69719DB11E2D66CE003E8A4D /* LICENSE.txt in Resources */,
				696EB4C41E2E743B00035451 /* Assets.xcassets in Resources */,
				69719DC91E2D66CE003E8A4D /* OpenSans-ExtraBold.ttf in Resources */,
			);
			runOnlyForDeploymentPostprocessing = 0;
		};
		69719D6F1E2D60B7003E8A4D /* Resources */ = {
			isa = PBXResourcesBuildPhase;
			buildActionMask = 2147483647;
			files = (
				69719DB81E2D66CE003E8A4D /* NotoSans-BoldItalic.ttf in Resources */,
				69719DB21E2D66CE003E8A4D /* LICENSE.txt in Resources */,
				69719DAF1E2D66CE003E8A4D /* OFL.txt in Resources */,
				69719DD31E2D66CE003E8A4D /* OpenSans-Light.ttf in Resources */,
				69719DC71E2D66CE003E8A4D /* OpenSans-BoldItalic.ttf in Resources */,
				69719DC11E2D66CE003E8A4D /* LICENSE.txt in Resources */,
				69719DD61E2D66CE003E8A4D /* OpenSans-LightItalic.ttf in Resources */,
				69719DE51E2D66CE003E8A4D /* Yellowtail-Regular.ttf in Resources */,
				69719DA91E2D66CE003E8A4D /* Inconsolata-Bold.ttf in Resources */,
				69719DE21E2D66CE003E8A4D /* LICENSE.txt in Resources */,
				69719DBE1E2D66CE003E8A4D /* NotoSans-Regular.ttf in Resources */,
				69719DBB1E2D66CE003E8A4D /* NotoSans-Italic.ttf in Resources */,
				69719DB51E2D66CE003E8A4D /* NotoSans-Bold.ttf in Resources */,
				69719DCD1E2D66CE003E8A4D /* OpenSans-ExtraBoldItalic.ttf in Resources */,
				69719DDC1E2D66CE003E8A4D /* OpenSans-Semibold.ttf in Resources */,
				69719DC41E2D66CE003E8A4D /* OpenSans-Bold.ttf in Resources */,
				69719DAC1E2D66CE003E8A4D /* Inconsolata-Regular.ttf in Resources */,
				69719DD91E2D66CE003E8A4D /* OpenSans-Regular.ttf in Resources */,
				69719DCA1E2D66CE003E8A4D /* OpenSans-ExtraBold.ttf in Resources */,
				69719DDF1E2D66CE003E8A4D /* OpenSans-SemiboldItalic.ttf in Resources */,
				69719DD01E2D66CE003E8A4D /* OpenSans-Italic.ttf in Resources */,
			);
			runOnlyForDeploymentPostprocessing = 0;
		};
		69719D7A1E2D60B7003E8A4D /* Resources */ = {
			isa = PBXResourcesBuildPhase;
			buildActionMask = 2147483647;
			files = (
				69719DB91E2D66CE003E8A4D /* NotoSans-BoldItalic.ttf in Resources */,
				69719DB31E2D66CE003E8A4D /* LICENSE.txt in Resources */,
				69719DB01E2D66CE003E8A4D /* OFL.txt in Resources */,
				69719DD41E2D66CE003E8A4D /* OpenSans-Light.ttf in Resources */,
				69719DC81E2D66CE003E8A4D /* OpenSans-BoldItalic.ttf in Resources */,
				69719DC21E2D66CE003E8A4D /* LICENSE.txt in Resources */,
				69719DD71E2D66CE003E8A4D /* OpenSans-LightItalic.ttf in Resources */,
				69719DE61E2D66CE003E8A4D /* Yellowtail-Regular.ttf in Resources */,
				69719DAA1E2D66CE003E8A4D /* Inconsolata-Bold.ttf in Resources */,
				69719DE31E2D66CE003E8A4D /* LICENSE.txt in Resources */,
				69719DBF1E2D66CE003E8A4D /* NotoSans-Regular.ttf in Resources */,
				69719DBC1E2D66CE003E8A4D /* NotoSans-Italic.ttf in Resources */,
				69719DB61E2D66CE003E8A4D /* NotoSans-Bold.ttf in Resources */,
				69719DCE1E2D66CE003E8A4D /* OpenSans-ExtraBoldItalic.ttf in Resources */,
				69719DDD1E2D66CE003E8A4D /* OpenSans-Semibold.ttf in Resources */,
				69719DC51E2D66CE003E8A4D /* OpenSans-Bold.ttf in Resources */,
				69719DAD1E2D66CE003E8A4D /* Inconsolata-Regular.ttf in Resources */,
				69719DDA1E2D66CE003E8A4D /* OpenSans-Regular.ttf in Resources */,
				69719DCB1E2D66CE003E8A4D /* OpenSans-ExtraBold.ttf in Resources */,
				69719DE01E2D66CE003E8A4D /* OpenSans-SemiboldItalic.ttf in Resources */,
				69719DD11E2D66CE003E8A4D /* OpenSans-Italic.ttf in Resources */,
			);
			runOnlyForDeploymentPostprocessing = 0;
		};
/* End PBXResourcesBuildPhase section */

/* Begin PBXSourcesBuildPhase section */
		69719D561E2D60B7003E8A4D /* Sources */ = {
			isa = PBXSourcesBuildPhase;
			buildActionMask = 2147483647;
			files = (
				69719D601E2D60B7003E8A4D /* ViewController.swift in Sources */,
				69719DE81E2D6AE2003E8A4D /* StartViewController.swift in Sources */,
				69719D661E2D60B7003E8A4D /* iBrowser.xcdatamodeld in Sources */,
				69719D5E1E2D60B7003E8A4D /* AppDelegate.swift in Sources */,
			);
			runOnlyForDeploymentPostprocessing = 0;
		};
		69719D6D1E2D60B7003E8A4D /* Sources */ = {
			isa = PBXSourcesBuildPhase;
			buildActionMask = 2147483647;
			files = (
				69719D761E2D60B7003E8A4D /* iBrowserTests.swift in Sources */,
				69719DE91E2D6AE2003E8A4D /* StartViewController.swift in Sources */,
			);
			runOnlyForDeploymentPostprocessing = 0;
		};
		69719D781E2D60B7003E8A4D /* Sources */ = {
			isa = PBXSourcesBuildPhase;
			buildActionMask = 2147483647;
			files = (
				69719D811E2D60B8003E8A4D /* iBrowserUITests.swift in Sources */,
				69719DEA1E2D6AE2003E8A4D /* StartViewController.swift in Sources */,
			);
			runOnlyForDeploymentPostprocessing = 0;
		};
/* End PBXSourcesBuildPhase section */

/* Begin PBXTargetDependency section */
		69719D731E2D60B7003E8A4D /* PBXTargetDependency */ = {
			isa = PBXTargetDependency;
			target = 69719D591E2D60B7003E8A4D /* iBrowser */;
			targetProxy = 69719D721E2D60B7003E8A4D /* PBXContainerItemProxy */;
		};
		69719D7E1E2D60B7003E8A4D /* PBXTargetDependency */ = {
			isa = PBXTargetDependency;
			target = 69719D591E2D60B7003E8A4D /* iBrowser */;
			targetProxy = 69719D7D1E2D60B7003E8A4D /* PBXContainerItemProxy */;
		};
/* End PBXTargetDependency section */

/* Begin PBXVariantGroup section */
		69719D611E2D60B7003E8A4D /* Main.storyboard */ = {
			isa = PBXVariantGroup;
			children = (
				69719D621E2D60B7003E8A4D /* Base */,
			);
			name = Main.storyboard;
			sourceTree = "<group>";
		};
		69719D691E2D60B7003E8A4D /* LaunchScreen.storyboard */ = {
			isa = PBXVariantGroup;
			children = (
				69719D6A1E2D60B7003E8A4D /* Base */,
			);
			name = LaunchScreen.storyboard;
			sourceTree = "<group>";
		};
/* End PBXVariantGroup section */

/* Begin XCBuildConfiguration section */
		69719D831E2D60B8003E8A4D /* Debug */ = {
			isa = XCBuildConfiguration;
			buildSettings = {
				ALWAYS_SEARCH_USER_PATHS = NO;
				CLANG_ANALYZER_NONNULL = YES;
				CLANG_CXX_LANGUAGE_STANDARD = "gnu++0x";
				CLANG_CXX_LIBRARY = "libc++";
				CLANG_ENABLE_MODULES = YES;
				CLANG_ENABLE_OBJC_ARC = YES;
				CLANG_WARN_BOOL_CONVERSION = YES;
				CLANG_WARN_CONSTANT_CONVERSION = YES;
				CLANG_WARN_DIRECT_OBJC_ISA_USAGE = YES_ERROR;
				CLANG_WARN_DOCUMENTATION_COMMENTS = YES;
				CLANG_WARN_EMPTY_BODY = YES;
				CLANG_WARN_ENUM_CONVERSION = YES;
				CLANG_WARN_INFINITE_RECURSION = YES;
				CLANG_WARN_INT_CONVERSION = YES;
				CLANG_WARN_OBJC_ROOT_CLASS = YES_ERROR;
				CLANG_WARN_SUSPICIOUS_MOVE = YES;
				CLANG_WARN_UNREACHABLE_CODE = YES;
				CLANG_WARN__DUPLICATE_METHOD_MATCH = YES;
				"CODE_SIGN_IDENTITY[sdk=iphoneos*]" = "iPhone Developer";
				COPY_PHASE_STRIP = NO;
				DEBUG_INFORMATION_FORMAT = dwarf;
				ENABLE_STRICT_OBJC_MSGSEND = YES;
				ENABLE_TESTABILITY = YES;
				GCC_C_LANGUAGE_STANDARD = gnu99;
				GCC_DYNAMIC_NO_PIC = NO;
				GCC_NO_COMMON_BLOCKS = YES;
				GCC_OPTIMIZATION_LEVEL = 0;
				GCC_PREPROCESSOR_DEFINITIONS = (
					"DEBUG=1",
					"$(inherited)",
				);
				GCC_WARN_64_TO_32_BIT_CONVERSION = YES;
				GCC_WARN_ABOUT_RETURN_TYPE = YES_ERROR;
				GCC_WARN_UNDECLARED_SELECTOR = YES;
				GCC_WARN_UNINITIALIZED_AUTOS = YES_AGGRESSIVE;
				GCC_WARN_UNUSED_FUNCTION = YES;
				GCC_WARN_UNUSED_VARIABLE = YES;
				IPHONEOS_DEPLOYMENT_TARGET = 10.2;
				MTL_ENABLE_DEBUG_INFO = YES;
				ONLY_ACTIVE_ARCH = YES;
				SDKROOT = iphoneos;
				SWIFT_ACTIVE_COMPILATION_CONDITIONS = DEBUG;
				SWIFT_OPTIMIZATION_LEVEL = "-Onone";
				TARGETED_DEVICE_FAMILY = "1,2";
			};
			name = Debug;
		};
		69719D841E2D60B8003E8A4D /* Release */ = {
			isa = XCBuildConfiguration;
			buildSettings = {
				ALWAYS_SEARCH_USER_PATHS = NO;
				CLANG_ANALYZER_NONNULL = YES;
				CLANG_CXX_LANGUAGE_STANDARD = "gnu++0x";
				CLANG_CXX_LIBRARY = "libc++";
				CLANG_ENABLE_MODULES = YES;
				CLANG_ENABLE_OBJC_ARC = YES;
				CLANG_WARN_BOOL_CONVERSION = YES;
				CLANG_WARN_CONSTANT_CONVERSION = YES;
				CLANG_WARN_DIRECT_OBJC_ISA_USAGE = YES_ERROR;
				CLANG_WARN_DOCUMENTATION_COMMENTS = YES;
				CLANG_WARN_EMPTY_BODY = YES;
				CLANG_WARN_ENUM_CONVERSION = YES;
				CLANG_WARN_INFINITE_RECURSION = YES;
				CLANG_WARN_INT_CONVERSION = YES;
				CLANG_WARN_OBJC_ROOT_CLASS = YES_ERROR;
				CLANG_WARN_SUSPICIOUS_MOVE = YES;
				CLANG_WARN_UNREACHABLE_CODE = YES;
				CLANG_WARN__DUPLICATE_METHOD_MATCH = YES;
				"CODE_SIGN_IDENTITY[sdk=iphoneos*]" = "iPhone Developer";
				COPY_PHASE_STRIP = NO;
				DEBUG_INFORMATION_FORMAT = "dwarf-with-dsym";
				ENABLE_NS_ASSERTIONS = NO;
				ENABLE_STRICT_OBJC_MSGSEND = YES;
				GCC_C_LANGUAGE_STANDARD = gnu99;
				GCC_NO_COMMON_BLOCKS = YES;
				GCC_WARN_64_TO_32_BIT_CONVERSION = YES;
				GCC_WARN_ABOUT_RETURN_TYPE = YES_ERROR;
				GCC_WARN_UNDECLARED_SELECTOR = YES;
				GCC_WARN_UNINITIALIZED_AUTOS = YES_AGGRESSIVE;
				GCC_WARN_UNUSED_FUNCTION = YES;
				GCC_WARN_UNUSED_VARIABLE = YES;
				IPHONEOS_DEPLOYMENT_TARGET = 10.2;
				MTL_ENABLE_DEBUG_INFO = NO;
				SDKROOT = iphoneos;
				SWIFT_OPTIMIZATION_LEVEL = "-Owholemodule";
				TARGETED_DEVICE_FAMILY = "1,2";
				VALIDATE_PRODUCT = YES;
			};
			name = Release;
		};
		69719D861E2D60B8003E8A4D /* Debug */ = {
			isa = XCBuildConfiguration;
			buildSettings = {
				ASSETCATALOG_COMPILER_APPICON_NAME = AppIcon;
				INFOPLIST_FILE = iBrowser/Info.plist;
				IPHONEOS_DEPLOYMENT_TARGET = 10.0;
				LD_RUNPATH_SEARCH_PATHS = "$(inherited) @executable_path/Frameworks";
				PRODUCT_BUNDLE_IDENTIFIER = erozone.iBrowser;
				PRODUCT_NAME = "$(TARGET_NAME)";
				SWIFT_VERSION = 3.0;
			};
			name = Debug;
		};
		69719D871E2D60B8003E8A4D /* Release */ = {
			isa = XCBuildConfiguration;
			buildSettings = {
				ASSETCATALOG_COMPILER_APPICON_NAME = AppIcon;
				INFOPLIST_FILE = iBrowser/Info.plist;
				IPHONEOS_DEPLOYMENT_TARGET = 10.0;
				LD_RUNPATH_SEARCH_PATHS = "$(inherited) @executable_path/Frameworks";
				PRODUCT_BUNDLE_IDENTIFIER = erozone.iBrowser;
				PRODUCT_NAME = "$(TARGET_NAME)";
				SWIFT_VERSION = 3.0;
			};
			name = Release;
		};
		69719D891E2D60B8003E8A4D /* Debug */ = {
			isa = XCBuildConfiguration;
			buildSettings = {
				ALWAYS_EMBED_SWIFT_STANDARD_LIBRARIES = YES;
				BUNDLE_LOADER = "$(TEST_HOST)";
				INFOPLIST_FILE = iBrowserTests/Info.plist;
				LD_RUNPATH_SEARCH_PATHS = "$(inherited) @executable_path/Frameworks @loader_path/Frameworks";
				PRODUCT_BUNDLE_IDENTIFIER = erozone.iBrowserTests;
				PRODUCT_NAME = "$(TARGET_NAME)";
				SWIFT_VERSION = 3.0;
				TEST_HOST = "$(BUILT_PRODUCTS_DIR)/iBrowser.app/iBrowser";
			};
			name = Debug;
		};
		69719D8A1E2D60B8003E8A4D /* Release */ = {
			isa = XCBuildConfiguration;
			buildSettings = {
				ALWAYS_EMBED_SWIFT_STANDARD_LIBRARIES = YES;
				BUNDLE_LOADER = "$(TEST_HOST)";
				INFOPLIST_FILE = iBrowserTests/Info.plist;
				LD_RUNPATH_SEARCH_PATHS = "$(inherited) @executable_path/Frameworks @loader_path/Frameworks";
				PRODUCT_BUNDLE_IDENTIFIER = erozone.iBrowserTests;
				PRODUCT_NAME = "$(TARGET_NAME)";
				SWIFT_VERSION = 3.0;
				TEST_HOST = "$(BUILT_PRODUCTS_DIR)/iBrowser.app/iBrowser";
			};
			name = Release;
		};
		69719D8C1E2D60B8003E8A4D /* Debug */ = {
			isa = XCBuildConfiguration;
			buildSettings = {
				ALWAYS_EMBED_SWIFT_STANDARD_LIBRARIES = YES;
				INFOPLIST_FILE = iBrowserUITests/Info.plist;
				LD_RUNPATH_SEARCH_PATHS = "$(inherited) @executable_path/Frameworks @loader_path/Frameworks";
				PRODUCT_BUNDLE_IDENTIFIER = erozone.iBrowserUITests;
				PRODUCT_NAME = "$(TARGET_NAME)";
				SWIFT_VERSION = 3.0;
				TEST_TARGET_NAME = iBrowser;
			};
			name = Debug;
		};
		69719D8D1E2D60B8003E8A4D /* Release */ = {
			isa = XCBuildConfiguration;
			buildSettings = {
				ALWAYS_EMBED_SWIFT_STANDARD_LIBRARIES = YES;
				INFOPLIST_FILE = iBrowserUITests/Info.plist;
				LD_RUNPATH_SEARCH_PATHS = "$(inherited) @executable_path/Frameworks @loader_path/Frameworks";
				PRODUCT_BUNDLE_IDENTIFIER = erozone.iBrowserUITests;
				PRODUCT_NAME = "$(TARGET_NAME)";
				SWIFT_VERSION = 3.0;
				TEST_TARGET_NAME = iBrowser;
			};
			name = Release;
		};
/* End XCBuildConfiguration section */

/* Begin XCConfigurationList section */
		69719D551E2D60B7003E8A4D /* Build configuration list for PBXProject "iBrowser" */ = {
			isa = XCConfigurationList;
			buildConfigurations = (
				69719D831E2D60B8003E8A4D /* Debug */,
				69719D841E2D60B8003E8A4D /* Release */,
			);
			defaultConfigurationIsVisible = 0;
			defaultConfigurationName = Release;
		};
		69719D851E2D60B8003E8A4D /* Build configuration list for PBXNativeTarget "iBrowser" */ = {
			isa = XCConfigurationList;
			buildConfigurations = (
				69719D861E2D60B8003E8A4D /* Debug */,
				69719D871E2D60B8003E8A4D /* Release */,
			);
			defaultConfigurationIsVisible = 0;
			defaultConfigurationName = Release;
		};
		69719D881E2D60B8003E8A4D /* Build configuration list for PBXNativeTarget "iBrowserTests" */ = {
			isa = XCConfigurationList;
			buildConfigurations = (
				69719D891E2D60B8003E8A4D /* Debug */,
				69719D8A1E2D60B8003E8A4D /* Release */,
			);
			defaultConfigurationIsVisible = 0;
			defaultConfigurationName = Release;
		};
		69719D8B1E2D60B8003E8A4D /* Build configuration list for PBXNativeTarget "iBrowserUITests" */ = {
			isa = XCConfigurationList;
			buildConfigurations = (
				69719D8C1E2D60B8003E8A4D /* Debug */,
				69719D8D1E2D60B8003E8A4D /* Release */,
			);
			defaultConfigurationIsVisible = 0;
			defaultConfigurationName = Release;
		};
/* End XCConfigurationList section */

/* Begin XCVersionGroup section */
		69719D641E2D60B7003E8A4D /* iBrowser.xcdatamodeld */ = {
			isa = XCVersionGroup;
			children = (
				69719D651E2D60B7003E8A4D /* iBrowser.xcdatamodel */,
			);
			currentVersion = 69719D651E2D60B7003E8A4D /* iBrowser.xcdatamodel */;
			path = iBrowser.xcdatamodeld;
			sourceTree = "<group>";
			versionGroupType = wrapper.xcdatamodel;
		};
/* End XCVersionGroup section */
	};
	rootObject = 69719D521E2D60B7003E8A4D /* Project object */;
}
